
Microsoft Visual Studio Solution File, Format Version 12.00
# Visual Studio Version 17
VisualStudioVersion = 17.0.32014.148
MinimumVisualStudioVersion = 10.0.40219.1
Project("{FAE04EC0-301F-11D3-BF4B-00C04F79EFBC}") = "FictionalBank", "FictionalBank\FictionalBank.csproj", "{15865FF0-BB82-4F3A-957C-CC89DB0157A5}"
EndProject
Global
	GlobalSection(SolutionConfigurationPlatforms) = preSolution
		Debug|Any CPU = Debug|Any CPU
		Release|Any CPU = Release|Any CPU
	EndGlobalSection
	GlobalSection(ProjectConfigurationPlatforms) = postSolution
		{15865FF0-BB82-4F3A-957C-CC89DB0157A5}.Debug|Any CPU.ActiveCfg = Debug|Any CPU
		{15865FF0-BB82-4F3A-957C-CC89DB0157A5}.Debug|Any CPU.Build.0 = Debug|Any CPU
		{15865FF0-BB82-4F3A-957C-CC89DB0157A5}.Release|Any CPU.ActiveCfg = Release|Any CPU
		{15865FF0-BB82-4F3A-957C-CC89DB0157A5}.Release|Any CPU.Build.0 = Release|Any CPU
	EndGlobalSection
	GlobalSection(SolutionProperties) = preSolution
		HideSolutionNode = FALSE
	EndGlobalSection
	GlobalSection(ExtensibilityGlobals) = postSolution
		SolutionGuid = {E0914C4F-23FB-43E5-80DC-DE3695FBADE3}
	EndGlobalSection
EndGlobal
